// !$*UTF8*$!
{
	archiveVersion = 1;
	classes = {
	};
	objectVersion = 77;
	objects = {

/* Begin PBXBuildFile section */
		1E4C20B23E5B2F69E086D70F /* SelahApp.swift in Sources */ = {isa = PBXBuildFile; fileRef = 248B8536C3A85CED91C6DA36 /* SelahApp.swift */; };
		540355C3825B0709EE13F988 /* www in Resources */ = {isa = PBXBuildFile; fileRef = 645941A919880E3C36C198A7 /* www */; };
		7691ECD72FED5B77D927DDF5 /* Localizable.strings in Resources */ = {isa = PBXBuildFile; fileRef = E5CC2038F2A2DB517BD89CEC /* Localizable.strings */; };
		E63B2545F577531EBBC73267 /* Assets.xcassets in Resources */ = {isa = PBXBuildFile; fileRef = 0EBB9BB5CC14F4C1C1669E1B /* Assets.xcassets */; };
/* End PBXBuildFile section */

/* Begin PBXFileReference section */
		00F39711EC8520416905441B /* pt-BR */ = {isa = PBXFileReference; lastKnownFileType = text.plist.strings; name = "pt-BR"; path = "pt-BR.lproj/Localizable.strings"; sourceTree = "<group>"; };
		0EBB9BB5CC14F4C1C1669E1B /* Assets.xcassets */ = {isa = PBXFileReference; lastKnownFileType = folder.assetcatalog; path = Assets.xcassets; sourceTree = "<group>"; };
		248B8536C3A85CED91C6DA36 /* SelahApp.swift */ = {isa = PBXFileReference; lastKnownFileType = sourcecode.swift; path = SelahApp.swift; sourceTree = "<group>"; };
		42DEC9D505B3EACCB2606B86 /* zh-Hant */ = {isa = PBXFileReference; lastKnownFileType = text.plist.strings; name = "zh-Hant"; path = "zh-Hant.lproj/Localizable.strings"; sourceTree = "<group>"; };
		5542212A8C6D14F6E02FA46E /* fil */ = {isa = PBXFileReference; lastKnownFileType = text.plist.strings; name = fil; path = fil.lproj/Localizable.strings; sourceTree = "<group>"; };
		645941A919880E3C36C198A7 /* www */ = {isa = PBXFileReference; lastKnownFileType = folder; name = www; path = ../mobile/www; sourceTree = SOURCE_ROOT; };
		7319A234BA296948A209E267 /* zh-Hans */ = {isa = PBXFileReference; lastKnownFileType = text.plist.strings; name = "zh-Hans"; path = "zh-Hans.lproj/Localizable.strings"; sourceTree = "<group>"; };
		B717A130AE94FB59023139E5 /* en */ = {isa = PBXFileReference; lastKnownFileType = text.plist.strings; name = en; path = en.lproj/Localizable.strings; sourceTree = "<group>"; };
		C3247E877DB363D744D057C3 /* ja */ = {isa = PBXFileReference; lastKnownFileType = text.plist.strings; name = ja; path = ja.lproj/Localizable.strings; sourceTree = "<group>"; };
		DDA5AA756A72FB7060A820EA /* Selah.app */ = {isa = PBXFileReference; explicitFileType = wrapper.application; includeInIndex = 0; path = Selah.app; sourceTree = BUILT_PRODUCTS_DIR; };
		DDFA2C24432540B21CA92A9A /* es */ = {isa = PBXFileReference; lastKnownFileType = text.plist.strings; name = es; path = es.lproj/Localizable.strings; sourceTree = "<group>"; };
		EEEDE11276DBE4C649E3994D /* ko */ = {isa = PBXFileReference; lastKnownFileType = text.plist.strings; name = ko; path = ko.lproj/Localizable.strings; sourceTree = "<group>"; };
/* End PBXFileReference section */

/* Begin PBXGroup section */
		64141401B08E0754AE68571E = {
			isa = PBXGroup;
			children = (
				645941A919880E3C36C198A7 /* www */,
				94375746D8A5EA2F5E967B8D /* Resources */,
				D0D1CC9947738E6860EE8FD7 /* Sources */,
				919FF4D7363D33E76D5670D1 /* Products */,
			);
			sourceTree = "<group>";
		};
		919FF4D7363D33E76D5670D1 /* Products */ = {
			isa = PBXGroup;
			children = (
				DDA5AA756A72FB7060A820EA /* Selah.app */,
			);
			name = Products;
			sourceTree = "<group>";
		};
		94375746D8A5EA2F5E967B8D /* Resources */ = {
			isa = PBXGroup;
			children = (
				0EBB9BB5CC14F4C1C1669E1B /* Assets.xcassets */,
				E5CC2038F2A2DB517BD89CEC /* Localizable.strings */,
			);
			path = Resources;
			sourceTree = "<group>";
		};
		D0D1CC9947738E6860EE8FD7 /* Sources */ = {
			isa = PBXGroup;
			children = (
				248B8536C3A85CED91C6DA36 /* SelahApp.swift */,
			);
			path = Sources;
			sourceTree = "<group>";
		};
/* End PBXGroup section */

/* Begin PBXNativeTarget section */
		5938EF5A24DCE6ED2A0FD5E1 /* Selah */ = {
			isa = PBXNativeTarget;
			buildConfigurationList = 0C6F3DB3155DC6FB67ACEC34 /* Build configuration list for PBXNativeTarget "Selah" */;
			buildPhases = (
				053346424B1B0F8CF95CF047 /* Sources */,
				260E9DB25E9ABFD2E474E430 /* Resources */,
			);
			buildRules = (
			);
			dependencies = (
			);
			name = Selah;
			packageProductDependencies = (
			);
			productName = Selah;
			productReference = DDA5AA756A72FB7060A820EA /* Selah.app */;
			productType = "com.apple.product-type.application";
		};
/* End PBXNativeTarget section */

/* Begin PBXProject section */
		578D8EF662E9D72CCB4042EA /* Project object */ = {
			isa = PBXProject;
			attributes = {
				BuildIndependentTargetsInParallel = YES;
				LastUpgradeCheck = 1430;
				TargetAttributes = {
					5938EF5A24DCE6ED2A0FD5E1 = {
						DevelopmentTeam = V3J8MR637G;
					};
				};
			};
			buildConfigurationList = 8C283DCB92A48FB524A285DE /* Build configuration list for PBXProject "SelahMac" */;
			developmentRegion = en;
			hasScannedForEncodings = 0;
			knownRegions = (
				Base,
				en,
				es,
				fil,
				ja,
				ko,
				"pt-BR",
				"zh-Hans",
				"zh-Hant",
			);
			mainGroup = 64141401B08E0754AE68571E;
			minimizedProjectReferenceProxies = 1;
			preferredProjectObjectVersion = 77;
			productRefGroup = 919FF4D7363D33E76D5670D1 /* Products */;
			projectDirPath = "";
			projectRoot = "";
			targets = (
				5938EF5A24DCE6ED2A0FD5E1 /* Selah */,
			);
		};
/* End PBXProject section */

/* Begin PBXResourcesBuildPhase section */
		260E9DB25E9ABFD2E474E430 /* Resources */ = {
			isa = PBXResourcesBuildPhase;
			buildActionMask = 2147483647;
			files = (
				E63B2545F577531EBBC73267 /* Assets.xcassets in Resources */,
				7691ECD72FED5B77D927DDF5 /* Localizable.strings in Resources */,
				540355C3825B0709EE13F988 /* www in Resources */,
			);
			runOnlyForDeploymentPostprocessing = 0;
		};
/* End PBXResourcesBuildPhase section */

/* Begin PBXSourcesBuildPhase section */
		053346424B1B0F8CF95CF047 /* Sources */ = {
			isa = PBXSourcesBuildPhase;
			buildActionMask = 2147483647;
			files = (
				1E4C20B23E5B2F69E086D70F /* SelahApp.swift in Sources */,
			);
			runOnlyForDeploymentPostprocessing = 0;
		};
/* End PBXSourcesBuildPhase section */

/* Begin PBXVariantGroup section */
		E5CC2038F2A2DB517BD89CEC /* Localizable.strings */ = {
			isa = PBXVariantGroup;
			children = (
				B717A130AE94FB59023139E5 /* en */,
				DDFA2C24432540B21CA92A9A /* es */,
				5542212A8C6D14F6E02FA46E /* fil */,
				C3247E877DB363D744D057C3 /* ja */,
				EEEDE11276DBE4C649E3994D /* ko */,
				00F39711EC8520416905441B /* pt-BR */,
				7319A234BA296948A209E267 /* zh-Hans */,
				42DEC9D505B3EACCB2606B86 /* zh-Hant */,
			);
			name = Localizable.strings;
			sourceTree = "<group>";
		};
/* End PBXVariantGroup section */

/* Begin XCBuildConfiguration section */
		33A6353DE85740734EB2832F /* Debug */ = {
			isa = XCBuildConfiguration;
			buildSettings = {
				ASSETCATALOG_COMPILER_APPICON_NAME = AppIcon;
				CODE_SIGN_ENTITLEMENTS = Selah.entitlements;
				COMBINE_HIDPI_IMAGES = YES;
				INFOPLIST_FILE = "Selah-Info.plist";
				INFOPLIST_KEY_NSHighResolutionCapable = YES;
				LD_RUNPATH_SEARCH_PATHS = (
					"$(inherited)",
					"@executable_path/../Frameworks",
				);
				SDKROOT = macosx;
			};
			name = Debug;
		};
		39C422E625CCD03CA7FDD86F /* Release */ = {
			isa = XCBuildConfiguration;
			buildSettings = {
				ASSETCATALOG_COMPILER_APPICON_NAME = AppIcon;
				CODE_SIGN_ENTITLEMENTS = Selah.entitlements;
				COMBINE_HIDPI_IMAGES = YES;
				INFOPLIST_FILE = "Selah-Info.plist";
				INFOPLIST_KEY_NSHighResolutionCapable = YES;
				LD_RUNPATH_SEARCH_PATHS = (
					"$(inherited)",
					"@executable_path/../Frameworks",
				);
				SDKROOT = macosx;
			};
			name = Release;
		};
		782D19692917451FD33CF8D9 /* Debug */ = {
			isa = XCBuildConfiguration;
			buildSettings = {
				ALWAYS_SEARCH_USER_PATHS = NO;
				ASSETCATALOG_COMPILER_APPICON_NAME = AppIcon;
				CLANG_ANALYZER_NONNULL = YES;
				CLANG_ANALYZER_NUMBER_OBJECT_CONVERSION = YES_AGGRESSIVE;
				CLANG_CXX_LANGUAGE_STANDARD = "gnu++14";
				CLANG_CXX_LIBRARY = "libc++";
				CLANG_ENABLE_MODULES = YES;
				CLANG_ENABLE_OBJC_ARC = YES;
				CLANG_ENABLE_OBJC_WEAK = YES;
				CLANG_WARN_BLOCK_CAPTURE_AUTORELEASING = YES;
				CLANG_WARN_BOOL_CONVERSION = YES;
				CLANG_WARN_COMMA = YES;
				CLANG_WARN_CONSTANT_CONVERSION = YES;
				CLANG_WARN_DEPRECATED_OBJC_IMPLEMENTATIONS = YES;
				CLANG_WARN_DIRECT_OBJC_ISA_USAGE = YES_ERROR;
				CLANG_WARN_DOCUMENTATION_COMMENTS = YES;
				CLANG_WARN_EMPTY_BODY = YES;
				CLANG_WARN_ENUM_CONVERSION = YES;
				CLANG_WARN_INFINITE_RECURSION = YES;
				CLANG_WARN_INT_CONVERSION = YES;
				CLANG_WARN_NON_LITERAL_NULL_CONVERSION = YES;
				CLANG_WARN_OBJC_IMPLICIT_RETAIN_SELF = YES;
				CLANG_WARN_OBJC_LITERAL_CONVERSION = YES;
				CLANG_WARN_OBJC_ROOT_CLASS = YES_ERROR;
				CLANG_WARN_QUOTED_INCLUDE_IN_FRAMEWORK_HEADER = YES;
				CLANG_WARN_RANGE_LOOP_ANALYSIS = YES;
				CLANG_WARN_STRICT_PROTOTYPES = YES;
				CLANG_WARN_SUSPICIOUS_MOVE = YES;
				CLANG_WARN_UNGUARDED_AVAILABILITY = YES_AGGRESSIVE;
				CLANG_WARN_UNREACHABLE_CODE = YES;
				CLANG_WARN__DUPLICATE_METHOD_MATCH = YES;
				CODE_SIGN_ENTITLEMENTS = Selah.entitlements;
				COPY_PHASE_STRIP = NO;
				CURRENT_PROJECT_VERSION = 22;
				DEBUG_INFORMATION_FORMAT = dwarf;
				DEVELOPMENT_TEAM = V3J8MR637G;
				ENABLE_APP_SANDBOX = YES;
				ENABLE_STRICT_OBJC_MSGSEND = YES;
				ENABLE_TESTABILITY = YES;
				GCC_C_LANGUAGE_STANDARD = gnu11;
				GCC_DYNAMIC_NO_PIC = NO;
				GCC_NO_COMMON_BLOCKS = YES;
				GCC_OPTIMIZATION_LEVEL = 0;
				GCC_PREPROCESSOR_DEFINITIONS = (
					"$(inherited)",
					"DEBUG=1",
				);
				GCC_WARN_64_TO_32_BIT_CONVERSION = YES;
				GCC_WARN_ABOUT_RETURN_TYPE = YES_ERROR;
				GCC_WARN_UNDECLARED_SELECTOR = YES;
				GCC_WARN_UNINITIALIZED_AUTOS = YES_AGGRESSIVE;
				GCC_WARN_UNUSED_FUNCTION = YES;
				GCC_WARN_UNUSED_VARIABLE = YES;
				GENERATE_INFOPLIST_FILE = YES;
				INFOPLIST_KEY_CFBundleDisplayName = Selah;
				INFOPLIST_KEY_LSApplicationCategoryType = "public.app-category.education";
				MACOSX_DEPLOYMENT_TARGET = 14.0;
				MARKETING_VERSION = 1.0.10;
				MTL_ENABLE_DEBUG_INFO = INCLUDE_SOURCE;
				MTL_FAST_MATH = YES;
				ONLY_ACTIVE_ARCH = YES;
				PRODUCT_BUNDLE_IDENTIFIER = com.delight0517.selah.mac;
				PRODUCT_NAME = Selah;
				SDKROOT = macosx;
				SWIFT_ACTIVE_COMPILATION_CONDITIONS = DEBUG;
				SWIFT_OPTIMIZATION_LEVEL = "-Onone";
				SWIFT_VERSION = 5.0;
			};
			name = Debug;
		};
		A7A36D55DCAC16957520FACC /* Release */ = {
			isa = XCBuildConfiguration;
			buildSettings = {
				ALWAYS_SEARCH_USER_PATHS = NO;
				ASSETCATALOG_COMPILER_APPICON_NAME = AppIcon;
				CLANG_ANALYZER_NONNULL = YES;
				CLANG_ANALYZER_NUMBER_OBJECT_CONVERSION = YES_AGGRESSIVE;
				CLANG_CXX_LANGUAGE_STANDARD = "gnu++14";
				CLANG_CXX_LIBRARY = "libc++";
				CLANG_ENABLE_MODULES = YES;
				CLANG_ENABLE_OBJC_ARC = YES;
				CLANG_ENABLE_OBJC_WEAK = YES;
				CLANG_WARN_BLOCK_CAPTURE_AUTORELEASING = YES;
				CLANG_WARN_BOOL_CONVERSION = YES;
				CLANG_WARN_COMMA = YES;
				CLANG_WARN_CONSTANT_CONVERSION = YES;
				CLANG_WARN_DEPRECATED_OBJC_IMPLEMENTATIONS = YES;
				CLANG_WARN_DIRECT_OBJC_ISA_USAGE = YES_ERROR;
				CLANG_WARN_DOCUMENTATION_COMMENTS = YES;
				CLANG_WARN_EMPTY_BODY = YES;
				CLANG_WARN_ENUM_CONVERSION = YES;
				CLANG_WARN_INFINITE_RECURSION = YES;
				CLANG_WARN_INT_CONVERSION = YES;
				CLANG_WARN_NON_LITERAL_NULL_CONVERSION = YES;
				CLANG_WARN_OBJC_IMPLICIT_RETAIN_SELF = YES;
				CLANG_WARN_OBJC_LITERAL_CONVERSION = YES;
				CLANG_WARN_OBJC_ROOT_CLASS = YES_ERROR;
				CLANG_WARN_QUOTED_INCLUDE_IN_FRAMEWORK_HEADER = YES;
				CLANG_WARN_RANGE_LOOP_ANALYSIS = YES;
				CLANG_WARN_STRICT_PROTOTYPES = YES;
				CLANG_WARN_SUSPICIOUS_MOVE = YES;
				CLANG_WARN_UNGUARDED_AVAILABILITY = YES_AGGRESSIVE;
				CLANG_WARN_UNREACHABLE_CODE = YES;
				CLANG_WARN__DUPLICATE_METHOD_MATCH = YES;
				CODE_SIGN_ENTITLEMENTS = Selah.entitlements;
				COPY_PHASE_STRIP = NO;
				CURRENT_PROJECT_VERSION = 22;
				DEBUG_INFORMATION_FORMAT = "dwarf-with-dsym";
				DEVELOPMENT_TEAM = V3J8MR637G;
				ENABLE_APP_SANDBOX = YES;
				ENABLE_NS_ASSERTIONS = NO;
				ENABLE_STRICT_OBJC_MSGSEND = YES;
				GCC_C_LANGUAGE_STANDARD = gnu11;
				GCC_NO_COMMON_BLOCKS = YES;
				GCC_WARN_64_TO_32_BIT_CONVERSION = YES;
				GCC_WARN_ABOUT_RETURN_TYPE = YES_ERROR;
				GCC_WARN_UNDECLARED_SELECTOR = YES;
				GCC_WARN_UNINITIALIZED_AUTOS = YES_AGGRESSIVE;
				GCC_WARN_UNUSED_FUNCTION = YES;
				GCC_WARN_UNUSED_VARIABLE = YES;
				GENERATE_INFOPLIST_FILE = YES;
				INFOPLIST_KEY_CFBundleDisplayName = Selah;
				INFOPLIST_KEY_LSApplicationCategoryType = "public.app-category.education";
				MACOSX_DEPLOYMENT_TARGET = 14.0;
				MARKETING_VERSION = 1.0.10;
				MTL_ENABLE_DEBUG_INFO = NO;
				MTL_FAST_MATH = YES;
				PRODUCT_BUNDLE_IDENTIFIER = com.delight0517.selah.mac;
				PRODUCT_NAME = Selah;
				SDKROOT = macosx;
				SWIFT_COMPILATION_MODE = wholemodule;
				SWIFT_OPTIMIZATION_LEVEL = "-O";
				SWIFT_VERSION = 5.0;
			};
			name = Release;
		};
/* End XCBuildConfiguration section */

/* Begin XCConfigurationList section */
		0C6F3DB3155DC6FB67ACEC34 /* Build configuration list for PBXNativeTarget "Selah" */ = {
			isa = XCConfigurationList;
			buildConfigurations = (
				33A6353DE85740734EB2832F /* Debug */,
				39C422E625CCD03CA7FDD86F /* Release */,
			);
			defaultConfigurationIsVisible = 0;
			defaultConfigurationName = Debug;
		};
		8C283DCB92A48FB524A285DE /* Build configuration list for PBXProject "SelahMac" */ = {
			isa = XCConfigurationList;
			buildConfigurations = (
				782D19692917451FD33CF8D9 /* Debug */,
				A7A36D55DCAC16957520FACC /* Release */,
			);
			defaultConfigurationIsVisible = 0;
			defaultConfigurationName = Debug;
		};
/* End XCConfigurationList section */
	};
	rootObject = 578D8EF662E9D72CCB4042EA /* Project object */;
}
